
Microsoft Visual Studio Solution File, Format Version 12.00
# Visual Studio Version 16
VisualStudioVersion = 16.0.31321.278
MinimumVisualStudioVersion = 10.0.40219.1
Project("{9A19103F-16F7-4668-BE54-9A1E7A4F7556}") = "iPractice.Api", "iPractice.Api\iPractice.Api.csproj", "{DFFEEE47-3EDD-46E9-93A1-0B0C4DA0C83D}"
EndProject
Project("{FAE04EC0-301F-11D3-BF4B-00C04F79EFBC}") = "iPractice.DataAccess", "iPractice.DataAccess\iPractice.DataAccess.csproj", "{4D1473E5-E85B-4B90-ABD3-6D779675D535}"
EndProject
Global
	GlobalSection(SolutionConfigurationPlatforms) = preSolution
		Debug|Any CPU = Debug|Any CPU
		Release|Any CPU = Release|Any CPU
	EndGlobalSection
	GlobalSection(ProjectConfigurationPlatforms) = postSolution
		{DFFEEE47-3EDD-46E9-93A1-0B0C4DA0C83D}.Debug|Any CPU.ActiveCfg = Debug|Any CPU
		{DFFEEE47-3EDD-46E9-93A1-0B0C4DA0C83D}.Debug|Any CPU.Build.0 = Debug|Any CPU
		{DFFEEE47-3EDD-46E9-93A1-0B0C4DA0C83D}.Release|Any CPU.ActiveCfg = Release|Any CPU
		{DFFEEE47-3EDD-46E9-93A1-0B0C4DA0C83D}.Release|Any CPU.Build.0 = Release|Any CPU
		{4D1473E5-E85B-4B90-ABD3-6D779675D535}.Debug|Any CPU.ActiveCfg = Debug|Any CPU
		{4D1473E5-E85B-4B90-ABD3-6D779675D535}.Debug|Any CPU.Build.0 = Debug|Any CPU
		{4D1473E5-E85B-4B90-ABD3-6D779675D535}.Release|Any CPU.ActiveCfg = Release|Any CPU
		{4D1473E5-E85B-4B90-ABD3-6D779675D535}.Release|Any CPU.Build.0 = Release|Any CPU
	EndGlobalSection
	GlobalSection(SolutionProperties) = preSolution
		HideSolutionNode = FALSE
	EndGlobalSection
	GlobalSection(ExtensibilityGlobals) = postSolution
		SolutionGuid = {16425CC0-B985-4B79-AEB1-2FF36435E51E}
	EndGlobalSection
EndGlobal
